{
  "name": "services",
  "lockfileVersion": 2,
  "requires": true,
  "packages": {
    "": {
      "dependencies": {
        "smartystreets-javascript-sdk": "^1.10.4"
      }
    },
    "node_modules/asap": {
      "version": "2.0.6",
      "resolved": "https://registry.npmjs.org/asap/-/asap-2.0.6.tgz",
      "integrity": "sha1-5QNHYR1+aQlDIIu9r+vLwvuGbUY="
    },
    "node_modules/axios-proxy-fix": {
      "version": "0.16.3",
      "resolved": "https://registry.npmjs.org/axios-proxy-fix/-/axios-proxy-fix-0.16.3.tgz",
      "integrity": "sha512-dLRTjqYW7A9kuqh3aiFjvQrBSQipVwsHFV401MdQb2JhQS9rAobAMhME2GxZXNXDblWRGCVfW/LdoHUXrPFBRg==",
      "dependencies": {
        "follow-redirects": "^1.2.3",
        "is-buffer": "^1.1.5"
      }
    },
    "node_modules/axios-retry": {
      "version": "3.1.9",
      "resolved": "https://registry.npmjs.org/axios-retry/-/axios-retry-3.1.9.tgz",
      "integrity": "sha512-NFCoNIHq8lYkJa6ku4m+V1837TP6lCa7n79Iuf8/AqATAHYB0ISaAS1eyIenDOfHOLtym34W65Sjke2xjg2fsA==",
      "dependencies": {
        "is-retry-allowed": "^1.1.0"
      }
    },
    "node_modules/follow-redirects": {
      "version": "1.14.2",
      "resolved": "https://registry.npmjs.org/follow-redirects/-/follow-redirects-1.14.2.tgz",
      "integrity": "sha512-yLR6WaE2lbF0x4K2qE2p9PEXKLDjUjnR/xmjS3wHAYxtlsI9MLLBJUZirAHKzUZDGLxje7w/cXR49WOUo4rbsA==",
      "funding": [
        {
          "type": "individual",
          "url": "https://github.com/sponsors/RubenVerborgh"
        }
      ],
      "engines": {
        "node": ">=4.0"
      },
      "peerDependenciesMeta": {
        "debug": {
          "optional": true
        }
      }
    },
    "node_modules/is-buffer": {
      "version": "1.1.6",
      "resolved": "https://registry.npmjs.org/is-buffer/-/is-buffer-1.1.6.tgz",
      "integrity": "sha512-NcdALwpXkTm5Zvvbk7owOUSvVvBKDgKP5/ewfXEznmQFfs4ZRmanOeKBTjRVjka3QFoN6XJ+9F3USqfHqTaU5w=="
    },
    "node_modules/is-retry-allowed": {
      "version": "1.2.0",
      "resolved": "https://registry.npmjs.org/is-retry-allowed/-/is-retry-allowed-1.2.0.tgz",
      "integrity": "sha512-RUbUeKwvm3XG2VYamhJL1xFktgjvPzL0Hq8C+6yrWIswDy3BIXGqCxhxkc30N9jqK311gVU137K8Ei55/zVJRg==",
      "engines": {
        "node": ">=0.10.0"
      }
    },
    "node_modules/promise": {
      "version": "8.1.0",
      "resolved": "https://registry.npmjs.org/promise/-/promise-8.1.0.tgz",
      "integrity": "sha512-W04AqnILOL/sPRXziNicCjSNRruLAuIHEOVBazepu0545DDNGYHz7ar9ZgZ1fMU8/MA4mVxp5rkBWRi6OXIy3Q==",
      "dependencies": {
        "asap": "~2.0.6"
      }
    },
    "node_modules/smartystreets-javascript-sdk": {
      "version": "1.10.4",
      "resolved": "https://registry.npmjs.org/smartystreets-javascript-sdk/-/smartystreets-javascript-sdk-1.10.4.tgz",
      "integrity": "sha512-ZMw7CisadmcHzzvR5PzgHrSvM8NO+dN1z6TpOIEN8EucqfhNznuNmFgVjvljd2kLFnlc2xZEw3+NdUwIUVOH5Q==",
      "dependencies": {
        "axios-proxy-fix": "^0.16.3",
        "axios-retry": "^3.1.9",
        "promise": "^8.1.0"
      }
    }
  },
  "dependencies": {
    "asap": {
      "version": "2.0.6",
      "resolved": "https://registry.npmjs.org/asap/-/asap-2.0.6.tgz",
      "integrity": "sha1-5QNHYR1+aQlDIIu9r+vLwvuGbUY="
    },
    "axios-proxy-fix": {
      "version": "0.16.3",
      "resolved": "https://registry.npmjs.org/axios-proxy-fix/-/axios-proxy-fix-0.16.3.tgz",
      "integrity": "sha512-dLRTjqYW7A9kuqh3aiFjvQrBSQipVwsHFV401MdQb2JhQS9rAobAMhME2GxZXNXDblWRGCVfW/LdoHUXrPFBRg==",
      "requires": {
        "follow-redirects": "^1.2.3",
        "is-buffer": "^1.1.5"
      }
    },
    "axios-retry": {
      "version": "3.1.9",
      "resolved": "https://registry.npmjs.org/axios-retry/-/axios-retry-3.1.9.tgz",
      "integrity": "sha512-NFCoNIHq8lYkJa6ku4m+V1837TP6lCa7n79Iuf8/AqATAHYB0ISaAS1eyIenDOfHOLtym34W65Sjke2xjg2fsA==",
      "requires": {
        "is-retry-allowed": "^1.1.0"
      }
    },
    "follow-redirects": {
      "version": "1.14.2",
      "resolved": "https://registry.npmjs.org/follow-redirects/-/follow-redirects-1.14.2.tgz",
      "integrity": "sha512-yLR6WaE2lbF0x4K2qE2p9PEXKLDjUjnR/xmjS3wHAYxtlsI9MLLBJUZirAHKzUZDGLxje7w/cXR49WOUo4rbsA=="
    },
    "is-buffer": {
      "version": "1.1.6",
      "resolved": "https://registry.npmjs.org/is-buffer/-/is-buffer-1.1.6.tgz",
      "integrity": "sha512-NcdALwpXkTm5Zvvbk7owOUSvVvBKDgKP5/ewfXEznmQFfs4ZRmanOeKBTjRVjka3QFoN6XJ+9F3USqfHqTaU5w=="
    },
    "is-retry-allowed": {
      "version": "1.2.0",
      "resolved": "https://registry.npmjs.org/is-retry-allowed/-/is-retry-allowed-1.2.0.tgz",
      "integrity": "sha512-RUbUeKwvm3XG2VYamhJL1xFktgjvPzL0Hq8C+6yrWIswDy3BIXGqCxhxkc30N9jqK311gVU137K8Ei55/zVJRg=="
    },
    "promise": {
      "version": "8.1.0",
      "resolved": "https://registry.npmjs.org/promise/-/promise-8.1.0.tgz",
      "integrity": "sha512-W04AqnILOL/sPRXziNicCjSNRruLAuIHEOVBazepu0545DDNGYHz7ar9ZgZ1fMU8/MA4mVxp5rkBWRi6OXIy3Q==",
      "requires": {
        "asap": "~2.0.6"
      }
    },
    "smartystreets-javascript-sdk": {
      "version": "1.10.4",
      "resolved": "https://registry.npmjs.org/smartystreets-javascript-sdk/-/smartystreets-javascript-sdk-1.10.4.tgz",
      "integrity": "sha512-ZMw7CisadmcHzzvR5PzgHrSvM8NO+dN1z6TpOIEN8EucqfhNznuNmFgVjvljd2kLFnlc2xZEw3+NdUwIUVOH5Q==",
      "requires": {
        "axios-proxy-fix": "^0.16.3",
        "axios-retry": "^3.1.9",
        "promise": "^8.1.0"
      }
    }
  }
}
